
Microsoft Visual Studio Solution File, Format Version 12.00
# Visual Studio Version 16
VisualStudioVersion = 16.0.31105.61
MinimumVisualStudioVersion = 10.0.40219.1
Project("{9A19103F-16F7-4668-BE54-9A1E7A4F7556}") = "exercise", "exercise\exercise.csproj", "{F1931CB5-D59B-44DA-8D1F-BDA072F138EA}"
EndProject
Project("{FAE04EC0-301F-11D3-BF4B-00C04F79EFBC}") = "Loops", "Loops\Loops.csproj", "{F9BA8ADE-4FB3-470F-954E-71D0F5ED8861}"
EndProject
Global
	GlobalSection(SolutionConfigurationPlatforms) = preSolution
		Debug|Any CPU = Debug|Any CPU
		Release|Any CPU = Release|Any CPU
	EndGlobalSection
	GlobalSection(ProjectConfigurationPlatforms) = postSolution
		{F1931CB5-D59B-44DA-8D1F-BDA072F138EA}.Debug|Any CPU.ActiveCfg = Debug|Any CPU
		{F1931CB5-D59B-44DA-8D1F-BDA072F138EA}.Debug|Any CPU.Build.0 = Debug|Any CPU
		{F1931CB5-D59B-44DA-8D1F-BDA072F138EA}.Release|Any CPU.ActiveCfg = Release|Any CPU
		{F1931CB5-D59B-44DA-8D1F-BDA072F138EA}.Release|Any CPU.Build.0 = Release|Any CPU
		{F9BA8ADE-4FB3-470F-954E-71D0F5ED8861}.Debug|Any CPU.ActiveCfg = Debug|Any CPU
		{F9BA8ADE-4FB3-470F-954E-71D0F5ED8861}.Debug|Any CPU.Build.0 = Debug|Any CPU
		{F9BA8ADE-4FB3-470F-954E-71D0F5ED8861}.Release|Any CPU.ActiveCfg = Release|Any CPU
		{F9BA8ADE-4FB3-470F-954E-71D0F5ED8861}.Release|Any CPU.Build.0 = Release|Any CPU
	EndGlobalSection
	GlobalSection(SolutionProperties) = preSolution
		HideSolutionNode = FALSE
	EndGlobalSection
	GlobalSection(ExtensibilityGlobals) = postSolution
		SolutionGuid = {74537C5D-4695-45F4-9E41-F2973466562B}
	EndGlobalSection
EndGlobal
